
Microsoft Visual Studio Solution File, Format Version 12.00
# Visual Studio Version 16
VisualStudioVersion = 16.0.30717.126
MinimumVisualStudioVersion = 10.0.40219.1
Project("{2150E333-8FDC-42A3-9474-1A3956D46DE8}") = "src", "src", "{18471650-C1FC-4AF4-AEC9-FD528B5F8BE3}"
EndProject
Project("{2150E333-8FDC-42A3-9474-1A3956D46DE8}") = "tests", "tests", "{6167885F-1379-4BEB-AC38-3852B6290D8F}"
EndProject
Project("{FAE04EC0-301F-11D3-BF4B-00C04F79EFBC}") = "Hematogenix.Web", "src\Hematogenix.Web\Hematogenix.Web.csproj", "{79DD21CF-C368-4356-8C8E-99EA68C44749}"
	ProjectSection(ProjectDependencies) = postProject
		{4705AD81-0256-454E-BE33-4D32216BC628} = {4705AD81-0256-454E-BE33-4D32216BC628}
		{C2B19C96-86F3-432E-9F02-3D2B50F2B3CE} = {C2B19C96-86F3-432E-9F02-3D2B50F2B3CE}
		{1D0BAFB2-4394-43F1-9277-9A0EFB5B2FC0} = {1D0BAFB2-4394-43F1-9277-9A0EFB5B2FC0}
		{2A0011D3-7682-45FC-9C61-771D595F23BB} = {2A0011D3-7682-45FC-9C61-771D595F23BB}
	EndProjectSection
EndProject
Project("{FAE04EC0-301F-11D3-BF4B-00C04F79EFBC}") = "Hematogenix.Application.UnitTests", "tests\Hematogenix.Application.UnitTests\Hematogenix.Application.UnitTests.csproj", "{E16DA479-9D7F-48CF-9461-9C5A9690363E}"
EndProject
Project("{9A19103F-16F7-4668-BE54-9A1E7A4F7556}") = "Hematogenix.Shared", "src\Hematogenix.Shared\Hematogenix.Shared.csproj", "{1D0BAFB2-4394-43F1-9277-9A0EFB5B2FC0}"
EndProject
Project("{9A19103F-16F7-4668-BE54-9A1E7A4F7556}") = "Hematogenix.DataAccess", "src\Hematogenix.DataAccess\Hematogenix.DataAccess.csproj", "{2A0011D3-7682-45FC-9C61-771D595F23BB}"
EndProject
Project("{FAE04EC0-301F-11D3-BF4B-00C04F79EFBC}") = "Hematogenix.Application", "src\Hematogenix.Application\Hematogenix.Application.csproj", "{C2B19C96-86F3-432E-9F02-3D2B50F2B3CE}"
EndProject
Project("{FAE04EC0-301F-11D3-BF4B-00C04F79EFBC}") = "Hematogenix.Core", "src\Hematogenix.Core\Hematogenix.Core.csproj", "{4705AD81-0256-454E-BE33-4D32216BC628}"
EndProject
Project("{FAE04EC0-301F-11D3-BF4B-00C04F79EFBC}") = "Web", "src\Web\Web.csproj", "{E13FA8A7-0CA2-40FA-B962-D8E8386C197E}"
	ProjectSection(ProjectDependencies) = postProject
		{4705AD81-0256-454E-BE33-4D32216BC628} = {4705AD81-0256-454E-BE33-4D32216BC628}
		{C2B19C96-86F3-432E-9F02-3D2B50F2B3CE} = {C2B19C96-86F3-432E-9F02-3D2B50F2B3CE}
		{1D0BAFB2-4394-43F1-9277-9A0EFB5B2FC0} = {1D0BAFB2-4394-43F1-9277-9A0EFB5B2FC0}
		{2A0011D3-7682-45FC-9C61-771D595F23BB} = {2A0011D3-7682-45FC-9C61-771D595F23BB}
	EndProjectSection
EndProject
Global
	GlobalSection(SolutionConfigurationPlatforms) = preSolution
		Debug|Any CPU = Debug|Any CPU
		Release|Any CPU = Release|Any CPU
	EndGlobalSection
	GlobalSection(ProjectConfigurationPlatforms) = postSolution
		{79DD21CF-C368-4356-8C8E-99EA68C44749}.Debug|Any CPU.ActiveCfg = Debug|Any CPU
		{79DD21CF-C368-4356-8C8E-99EA68C44749}.Debug|Any CPU.Build.0 = Debug|Any CPU
		{79DD21CF-C368-4356-8C8E-99EA68C44749}.Release|Any CPU.ActiveCfg = Release|Any CPU
		{79DD21CF-C368-4356-8C8E-99EA68C44749}.Release|Any CPU.Build.0 = Release|Any CPU
		{E16DA479-9D7F-48CF-9461-9C5A9690363E}.Debug|Any CPU.ActiveCfg = Debug|Any CPU
		{E16DA479-9D7F-48CF-9461-9C5A9690363E}.Debug|Any CPU.Build.0 = Debug|Any CPU
		{E16DA479-9D7F-48CF-9461-9C5A9690363E}.Release|Any CPU.ActiveCfg = Release|Any CPU
		{E16DA479-9D7F-48CF-9461-9C5A9690363E}.Release|Any CPU.Build.0 = Release|Any CPU
		{1D0BAFB2-4394-43F1-9277-9A0EFB5B2FC0}.Debug|Any CPU.ActiveCfg = Debug|Any CPU
		{1D0BAFB2-4394-43F1-9277-9A0EFB5B2FC0}.Debug|Any CPU.Build.0 = Debug|Any CPU
		{1D0BAFB2-4394-43F1-9277-9A0EFB5B2FC0}.Release|Any CPU.ActiveCfg = Release|Any CPU
		{1D0BAFB2-4394-43F1-9277-9A0EFB5B2FC0}.Release|Any CPU.Build.0 = Release|Any CPU
		{2A0011D3-7682-45FC-9C61-771D595F23BB}.Debug|Any CPU.ActiveCfg = Debug|Any CPU
		{2A0011D3-7682-45FC-9C61-771D595F23BB}.Debug|Any CPU.Build.0 = Debug|Any CPU
		{2A0011D3-7682-45FC-9C61-771D595F23BB}.Release|Any CPU.ActiveCfg = Release|Any CPU
		{2A0011D3-7682-45FC-9C61-771D595F23BB}.Release|Any CPU.Build.0 = Release|Any CPU
		{C2B19C96-86F3-432E-9F02-3D2B50F2B3CE}.Debug|Any CPU.ActiveCfg = Debug|Any CPU
		{C2B19C96-86F3-432E-9F02-3D2B50F2B3CE}.Debug|Any CPU.Build.0 = Debug|Any CPU
		{C2B19C96-86F3-432E-9F02-3D2B50F2B3CE}.Release|Any CPU.ActiveCfg = Release|Any CPU
		{C2B19C96-86F3-432E-9F02-3D2B50F2B3CE}.Release|Any CPU.Build.0 = Release|Any CPU
		{4705AD81-0256-454E-BE33-4D32216BC628}.Debug|Any CPU.ActiveCfg = Debug|Any CPU
		{4705AD81-0256-454E-BE33-4D32216BC628}.Debug|Any CPU.Build.0 = Debug|Any CPU
		{4705AD81-0256-454E-BE33-4D32216BC628}.Release|Any CPU.ActiveCfg = Release|Any CPU
		{4705AD81-0256-454E-BE33-4D32216BC628}.Release|Any CPU.Build.0 = Release|Any CPU
		{E13FA8A7-0CA2-40FA-B962-D8E8386C197E}.Debug|Any CPU.ActiveCfg = Debug|Any CPU
		{E13FA8A7-0CA2-40FA-B962-D8E8386C197E}.Debug|Any CPU.Build.0 = Debug|Any CPU
		{E13FA8A7-0CA2-40FA-B962-D8E8386C197E}.Release|Any CPU.ActiveCfg = Release|Any CPU
		{E13FA8A7-0CA2-40FA-B962-D8E8386C197E}.Release|Any CPU.Build.0 = Release|Any CPU
	EndGlobalSection
	GlobalSection(SolutionProperties) = preSolution
		HideSolutionNode = FALSE
	EndGlobalSection
	GlobalSection(NestedProjects) = preSolution
		{79DD21CF-C368-4356-8C8E-99EA68C44749} = {18471650-C1FC-4AF4-AEC9-FD528B5F8BE3}
		{E16DA479-9D7F-48CF-9461-9C5A9690363E} = {6167885F-1379-4BEB-AC38-3852B6290D8F}
		{1D0BAFB2-4394-43F1-9277-9A0EFB5B2FC0} = {18471650-C1FC-4AF4-AEC9-FD528B5F8BE3}
		{2A0011D3-7682-45FC-9C61-771D595F23BB} = {18471650-C1FC-4AF4-AEC9-FD528B5F8BE3}
		{C2B19C96-86F3-432E-9F02-3D2B50F2B3CE} = {18471650-C1FC-4AF4-AEC9-FD528B5F8BE3}
		{4705AD81-0256-454E-BE33-4D32216BC628} = {18471650-C1FC-4AF4-AEC9-FD528B5F8BE3}
		{E13FA8A7-0CA2-40FA-B962-D8E8386C197E} = {18471650-C1FC-4AF4-AEC9-FD528B5F8BE3}
	EndGlobalSection
	GlobalSection(ExtensibilityGlobals) = postSolution
		SolutionGuid = {1A684B8F-B8BF-4A02-B0C1-E069C6D2750E}
	EndGlobalSection
EndGlobal
